
Microsoft Visual Studio Solution File, Format Version 12.00
# Visual Studio 15
VisualStudioVersion = 15.0.27428.2011
MinimumVisualStudioVersion = 10.0.40219.1
Project("{8BC9CEB8-8B4A-11D0-8D11-00A0C91BC942}") = "KN_CPP_Lect_5", "KN_CPP_Lect_5\KN_CPP_Lect_5.vcxproj", "{E61F5A3B-64DE-4EF1-81BD-04B98051C011}"
EndProject
Global
	GlobalSection(SolutionConfigurationPlatforms) = preSolution
		Debug|x64 = Debug|x64
		Debug|x86 = Debug|x86
		Release|x64 = Release|x64
		Release|x86 = Release|x86
	EndGlobalSection
	GlobalSection(ProjectConfigurationPlatforms) = postSolution
		{E61F5A3B-64DE-4EF1-81BD-04B98051C011}.Debug|x64.ActiveCfg = Debug|x64
		{E61F5A3B-64DE-4EF1-81BD-04B98051C011}.Debug|x64.Build.0 = Debug|x64
		{E61F5A3B-64DE-4EF1-81BD-04B98051C011}.Debug|x86.ActiveCfg = Debug|Win32
		{E61F5A3B-64DE-4EF1-81BD-04B98051C011}.Debug|x86.Build.0 = Debug|Win32
		{E61F5A3B-64DE-4EF1-81BD-04B98051C011}.Release|x64.ActiveCfg = Release|x64
		{E61F5A3B-64DE-4EF1-81BD-04B98051C011}.Release|x64.Build.0 = Release|x64
		{E61F5A3B-64DE-4EF1-81BD-04B98051C011}.Release|x86.ActiveCfg = Release|Win32
		{E61F5A3B-64DE-4EF1-81BD-04B98051C011}.Release|x86.Build.0 = Release|Win32
	EndGlobalSection
	GlobalSection(SolutionProperties) = preSolution
		HideSolutionNode = FALSE
	EndGlobalSection
	GlobalSection(ExtensibilityGlobals) = postSolution
		SolutionGuid = {B8808B89-56FE-4E4B-A200-89FE5D5F5C31}
	EndGlobalSection
EndGlobal
